// !$*UTF8*$!
{
	archiveVersion = 1;
	classes = {
	};
	objectVersion = 77;
	objects = {

/* Begin PBXBuildFile section */
		9D42BE9D2E029EC9008121CD /* SQLite in Frameworks */ = {isa = PBXBuildFile; productRef = 9D42BE9C2E029EC9008121CD /* SQLite */; };
		9D70A7F12DDD84590085BAAF /* Localizable.xcstrings in Resources */ = {isa = PBXBuildFile; fileRef = 9D70A7F02DDD84590085BAAF /* Localizable.xcstrings */; };
		9D70A8A12DDD84590085BAAF /* action_images.json in Resources */ = {isa = PBXBuildFile; fileRef = 9D70A8A02DDD84590085BAAF /* action_images.json */; };
		9D70A7F72DDD84590085BAAF /* Stronix-App/Resources/Images in Copy Images */ = {isa = PBXBuildFile; fileRef = 9D70A7F82DDD84590085BAAF /* Stronix-App/Resources/Images */; };
		A10000000000000000000001 /* SQLite in Frameworks */ = {isa = PBXBuildFile; productRef = 9D42BE9C2E029EC9008121CD /* SQLite */; };
/* End PBXBuildFile section */

/* Begin PBXCopyFilesBuildPhase section */
		9D70A7F62DDD84590085BAAF /* Copy Images */ = {
			isa = PBXCopyFilesBuildPhase;
			buildActionMask = 2147483647;
			dstPath = "";
			dstSubfolderSpec = 7;
			files = (
				9D70A7F72DDD84590085BAAF /* Stronix-App/Resources/Images in Copy Images */,
			);
			name = "Copy Images";
			runOnlyForDeploymentPostprocessing = 0;
		};
/* End PBXCopyFilesBuildPhase section */

/* Begin PBXFileReference section */
		9D282DD62DE4118F00A14C75 /* Stronix-App-V1-Info.plist */ = {isa = PBXFileReference; lastKnownFileType = text.plist; path = "Stronix-App-V1-Info.plist"; sourceTree = "<group>"; };
		9D70A7C62DDD84590085BAAF /* Stronix.app */ = {isa = PBXFileReference; explicitFileType = wrapper.application; includeInIndex = 0; path = Stronix.app; sourceTree = BUILT_PRODUCTS_DIR; };
		9D70A7F02DDD84590085BAAF /* Localizable.xcstrings */ = {isa = PBXFileReference; lastKnownFileType = text.json.xcstrings; path = Localizable.xcstrings; sourceTree = "<group>"; };
		9D70A8A02DDD84590085BAAF /* action_images.json */ = {isa = PBXFileReference; lastKnownFileType = text.json; path = action_images.json; sourceTree = "<group>"; };
		9D70A7F82DDD84590085BAAF /* Stronix-App/Resources/Images */ = {isa = PBXFileReference; lastKnownFileType = folder; path = "Stronix-App/Resources/Images"; sourceTree = "<group>"; };
		A10000000000000000000002 /* StronixTests.xctest */ = {isa = PBXFileReference; explicitFileType = wrapper.cfbundle; includeInIndex = 0; path = StronixTests.xctest; sourceTree = BUILT_PRODUCTS_DIR; };
/* End PBXFileReference section */

/* Begin PBXFileSystemSynchronizedBuildFileExceptionSet section */
		9D70A7DF2DDD89740085BAAF /* Exceptions for "Resources" folder in "Stronix" target */ = {
			isa = PBXFileSystemSynchronizedBuildFileExceptionSet;
			membershipExceptions = (
				Assets.xcassets,
				Database/database_stronix.db,
			);
			target = 9D70A7C52DDD84580085BAAF /* Stronix */;
		};
		9D70A7EA2DDDC3BF0085BAAF /* Exceptions for "Sources" folder in "Stronix" target */ = {
			isa = PBXFileSystemSynchronizedBuildFileExceptionSet;
			membershipExceptions = (
				App/AppStartupCoordinator.swift,
				App/Stronix_App_V1App.swift,
				App/UserSession.swift,
				Models/Local/LocalActionModels.swift,
				Models/Local/BodyMeasurementDateFormatting.swift,
				Models/Local/LocalBodyMeasurementModels.swift,
				Models/Local/LocalMutableTrainingModels.swift,
				Models/Local/LocalPlanModels.swift,
				Models/Local/LocalTrainingHistoryModels.swift,
				Models/Local/LocalTrainingModels.swift,
				Models/Local/LocalUserModels.swift,
				Services/Database/DatabaseLifecycle.swift,
				Services/Database/DatabaseManager.swift,
				Services/Database/TemplatePlanMigration.swift,
				Services/Local/ActionHistoryRepository.swift,
				Services/Local/TrainingHistoryRepository.swift,
				Services/Local/LocalActionService.swift,
				Services/Local/ActionImageResolver.swift,
				Services/Local/BodyMeasurementRepository.swift,
				Services/Local/LocalCredentialSecurity.swift,
				Services/Local/SQLiteAuthRepository.swift,
				Services/Local/LocalPlanService.swift,
				Services/UpdatePlanUseCase.swift,
				Services/Local/LocalTrainingHistoryService.swift,
				Services/Local/NotificationManager.swift,
				Services/Local/TrainingSessionManager.swift,
				Services/TrainingHistoryService.swift,
				Theme/AppTheme.swift,
				Theme/AppStrings.swift,
				"Theme/Color+Theme.swift",
				Theme/DesignTokens.swift,
				Theme/ThemeManager.swift,
				Utilities/AppError.swift,
				UseCases/AuthenticationUseCases.swift,
				UseCases/BodyMeasurementUseCases.swift,
				UseCases/CompleteTrainingUseCase.swift,
				UseCases/CopyTemplatePlanUseCase.swift,
				UseCases/CreateUserPlanUseCase.swift,
				UseCases/LoadTrainingDatesUseCase.swift,
				ViewModels/ActionHistoryViewModel.swift,
				ViewModels/HistoryCalendarViewModel.swift,
				ViewModels/HistoryListViewModel.swift,
				ViewModels/TrainingHistoryDetailViewModel.swift,
				ViewModels/AuthViewModel.swift,
				ViewModels/BodyMeasurementViewModel.swift,
				ViewModels/CreatePlanViewModel.swift,
				ViewModels/EditPlanViewModel.swift,
				ViewModels/PlanViewModel.swift,
				Views/Actions/ActionDetailView.swift,
				Views/Actions/ActionListView.swift,
				Views/BodyMeasurement/AddMeasurementSheet.swift,
				Views/BodyMeasurement/BodyMeasurementChange.swift,
				Views/BodyMeasurement/BodyMeasurementDetail.swift,
				Views/BodyMeasurement/BodyMeasurementEditView.swift,
				Views/BodyMeasurement/BodyMeasurementListView.swift,
				Views/BodyMeasurement/BodyMeasurementOverview.swift,
				Views/BodyMeasurement/BodyMeasurementTabView.swift,
				Views/BodyMeasurement/NutritionView.swift,
				Views/History/ActionHistroyView.swift,
				Views/History/BodyPartAnalysisView.swift,
				Views/History/CalendarView.swift,
				Views/History/EditHistoryDetailView.swift,
				Views/History/HistoryListView.swift,
				Views/History/HistoryPlaceholderView.swift,
				Views/History/HistoryView.swift,
				Views/History/ManageHistoryRecordsView.swift,
				Views/History/StatisticsView.swift,
				Views/History/TrainingHistoryDetailView.swift,
				Views/MainTabView.swift,
				Views/Plans/CreatePlanView.swift,
				Views/Plans/EditPlanView.swift,
				Views/Plans/PlanFormComponents.swift,
				Views/Plans/PlanActionSelectView.swift,
				Views/Plans/PlanListView.swift,
				Views/Plans/QuickStartTrainingView.swift,
				Views/Profile/ArticlesView.swift,
				Views/Profile/GuideView.swift,
				Views/Profile/LoginView.swift,
				Views/Profile/ProfileMainView.swift,
				Views/Profile/RegisterView.swift,
				Views/Profile/SettingsView.swift,
				Views/Profile/ToolsView.swift,
				Views/Profile/UserInfoView.swift,
				Views/Shared/AuthControls.swift,
				Views/Shared/ContentStateView.swift,
				Views/Shared/CustomNumberKeyboard.swift,
				Views/Training/TrainingFloatingIndicator.swift,
				Views/Training/TrainingPlanDetailView.swift,
				Views/Training/TrainingView.swift,
			);
			target = 9D70A7C52DDD84580085BAAF /* Stronix */;
		};
/* End PBXFileSystemSynchronizedBuildFileExceptionSet section */

/* Begin PBXFileSystemSynchronizedRootGroup section */
		9D70A7D62DDD86D00085BAAF /* Sources */ = {
			isa = PBXFileSystemSynchronizedRootGroup;
			exceptions = (
				9D70A7EA2DDDC3BF0085BAAF /* Exceptions for "Sources" folder in "Stronix" target */,
			);
			path = Sources;
			sourceTree = "<group>";
		};
		9D70A7DD2DDD88F00085BAAF /* Resources */ = {
			isa = PBXFileSystemSynchronizedRootGroup;
			exceptions = (
				9D70A7DF2DDD89740085BAAF /* Exceptions for "Resources" folder in "Stronix" target */,
			);
			path = Resources;
			sourceTree = "<group>";
			children = (
				9D70A7F02DDD84590085BAAF /* Localizable.xcstrings */,
				9D70A8A02DDD84590085BAAF /* action_images.json */,
			);
		};
		9D70A7E72DDDC24C0085BAAF /* Tests */ = {
			isa = PBXFileSystemSynchronizedRootGroup;
			path = Tests;
			sourceTree = "<group>";
		};
/* End PBXFileSystemSynchronizedRootGroup section */

/* Begin PBXFrameworksBuildPhase section */
		9D70A7C32DDD84580085BAAF /* Frameworks */ = {
			isa = PBXFrameworksBuildPhase;
			buildActionMask = 2147483647;
			files = (
				9D42BE9D2E029EC9008121CD /* SQLite in Frameworks */,
			);
			runOnlyForDeploymentPostprocessing = 0;
		};
		A10000000000000000000003 /* Frameworks */ = {
			isa = PBXFrameworksBuildPhase;
			buildActionMask = 2147483647;
			files = (
				A10000000000000000000001 /* SQLite in Frameworks */,
			);
			runOnlyForDeploymentPostprocessing = 0;
		};
/* End PBXFrameworksBuildPhase section */

/* Begin PBXGroup section */
		9D3101A02E3B939B0088DB8C /* Recovered References */ = {
			isa = PBXGroup;
			children = (
				9D70A7F82DDD84590085BAAF /* Stronix-App/Resources/Images */,
			);
			name = "Recovered References";
			sourceTree = "<group>";
		};
		9D70A7BD2DDD84580085BAAF = {
			isa = PBXGroup;
			children = (
				9D282DD62DE4118F00A14C75 /* Stronix-App-V1-Info.plist */,
				9D70A7D52DDD86840085BAAF /* Stronix-App */,
				9D70A7C72DDD84590085BAAF /* Products */,
				9D3101A02E3B939B0088DB8C /* Recovered References */,
			);
			sourceTree = "<group>";
		};
		9D70A7C72DDD84590085BAAF /* Products */ = {
			isa = PBXGroup;
			children = (
				9D70A7C62DDD84590085BAAF /* Stronix.app */,
				A10000000000000000000002 /* StronixTests.xctest */,
			);
			name = Products;
			sourceTree = "<group>";
		};
		9D70A7D52DDD86840085BAAF /* Stronix-App */ = {
			isa = PBXGroup;
			children = (
				9D70A7D62DDD86D00085BAAF /* Sources */,
				9D70A7DD2DDD88F00085BAAF /* Resources */,
				9D70A7E72DDDC24C0085BAAF /* Tests */,
			);
			path = "Stronix-App";
			sourceTree = "<group>";
		};
/* End PBXGroup section */

/* Begin PBXNativeTarget section */
		9D70A7C52DDD84580085BAAF /* Stronix */ = {
			isa = PBXNativeTarget;
			buildConfigurationList = 9D70A7D22DDD84590085BAAF /* Build configuration list for PBXNativeTarget "Stronix" */;
			buildPhases = (
				9D70A7C22DDD84580085BAAF /* Sources */,
				9D70A7C32DDD84580085BAAF /* Frameworks */,
				9D70A7C42DDD84580085BAAF /* Resources */,
				9D70A7F62DDD84590085BAAF /* Copy Images */,
			);
			buildRules = (
			);
			dependencies = (
			);
			name = Stronix;
			packageProductDependencies = (
				9D42BE9C2E029EC9008121CD /* SQLite */,
			);
			productName = "Stronix-App";
			productReference = 9D70A7C62DDD84590085BAAF /* Stronix.app */;
			productType = "com.apple.product-type.application";
		};
		A10000000000000000000004 /* StronixTests */ = {
			isa = PBXNativeTarget;
			buildConfigurationList = A10000000000000000000009 /* Build configuration list for PBXNativeTarget "StronixTests" */;
			buildPhases = (
				A10000000000000000000005 /* Sources */,
				A10000000000000000000003 /* Frameworks */,
				A10000000000000000000006 /* Resources */,
			);
			buildRules = (
			);
			dependencies = (
				A10000000000000000000008 /* PBXTargetDependency */,
			);
			fileSystemSynchronizedGroups = (
				9D70A7E72DDDC24C0085BAAF /* Tests */,
			);
			name = StronixTests;
			packageProductDependencies = (
				9D42BE9C2E029EC9008121CD /* SQLite */,
			);
			productName = StronixTests;
			productReference = A10000000000000000000002 /* StronixTests.xctest */;
			productType = "com.apple.product-type.bundle.unit-test";
		};
/* End PBXNativeTarget section */

/* Begin PBXProject section */
		9D70A7BE2DDD84580085BAAF /* Project object */ = {
			isa = PBXProject;
			attributes = {
				BuildIndependentTargetsInParallel = 1;
				LastSwiftUpdateCheck = 1630;
				LastUpgradeCheck = 1630;
				TargetAttributes = {
					9D70A7C52DDD84580085BAAF = {
						CreatedOnToolsVersion = 16.3;
					};
					A10000000000000000000004 = {
						CreatedOnToolsVersion = 26.6;
						TestTargetID = 9D70A7C52DDD84580085BAAF;
					};
				};
			};
			buildConfigurationList = 9D70A7C12DDD84580085BAAF /* Build configuration list for PBXProject "Stronix-App-V1" */;
			developmentRegion = en;
			hasScannedForEncodings = 0;
			knownRegions = (
				en,
				"zh-Hans",
				Base,
			);
			mainGroup = 9D70A7BD2DDD84580085BAAF;
			minimizedProjectReferenceProxies = 1;
			packageReferences = (
				9D42BE9B2E029EC9008121CD /* XCRemoteSwiftPackageReference "SQLite" */,
			);
			preferredProjectObjectVersion = 77;
			productRefGroup = 9D70A7C72DDD84590085BAAF /* Products */;
			projectDirPath = "";
			projectRoot = "";
			targets = (
				9D70A7C52DDD84580085BAAF /* Stronix */,
				A10000000000000000000004 /* StronixTests */,
			);
		};
/* End PBXProject section */

/* Begin PBXResourcesBuildPhase section */
		9D70A7C42DDD84580085BAAF /* Resources */ = {
			isa = PBXResourcesBuildPhase;
			buildActionMask = 2147483647;
			files = (
				9D70A7F12DDD84590085BAAF /* Localizable.xcstrings in Resources */,
				9D70A8A12DDD84590085BAAF /* action_images.json in Resources */,
			);
			runOnlyForDeploymentPostprocessing = 0;
		};
		A10000000000000000000006 /* Resources */ = {
			isa = PBXResourcesBuildPhase;
			buildActionMask = 2147483647;
			files = (
			);
			runOnlyForDeploymentPostprocessing = 0;
		};
/* End PBXResourcesBuildPhase section */

/* Begin PBXSourcesBuildPhase section */
		9D70A7C22DDD84580085BAAF /* Sources */ = {
			isa = PBXSourcesBuildPhase;
			buildActionMask = 2147483647;
			files = (
			);
			runOnlyForDeploymentPostprocessing = 0;
		};
		A10000000000000000000005 /* Sources */ = {
			isa = PBXSourcesBuildPhase;
			buildActionMask = 2147483647;
			files = (
			);
			runOnlyForDeploymentPostprocessing = 0;
		};
/* End PBXSourcesBuildPhase section */

/* Begin PBXContainerItemProxy section */
		A10000000000000000000007 /* PBXContainerItemProxy */ = {
			isa = PBXContainerItemProxy;
			containerPortal = 9D70A7BE2DDD84580085BAAF /* Project object */;
			proxyType = 1;
			remoteGlobalIDString = 9D70A7C52DDD84580085BAAF;
			remoteInfo = Stronix;
		};
/* End PBXContainerItemProxy section */

/* Begin PBXTargetDependency section */
		A10000000000000000000008 /* PBXTargetDependency */ = {
			isa = PBXTargetDependency;
			target = 9D70A7C52DDD84580085BAAF /* Stronix */;
			targetProxy = A10000000000000000000007 /* PBXContainerItemProxy */;
		};
/* End PBXTargetDependency section */

/* Begin XCBuildConfiguration section */
		9D70A7D02DDD84590085BAAF /* Debug */ = {
			isa = XCBuildConfiguration;
			buildSettings = {
				ALWAYS_SEARCH_USER_PATHS = NO;
				ASSETCATALOG_COMPILER_GENERATE_SWIFT_ASSET_SYMBOL_EXTENSIONS = YES;
				CLANG_ANALYZER_NONNULL = YES;
				CLANG_ANALYZER_NUMBER_OBJECT_CONVERSION = YES_AGGRESSIVE;
				CLANG_CXX_LANGUAGE_STANDARD = "gnu++20";
				CLANG_ENABLE_MODULES = YES;
				CLANG_ENABLE_OBJC_ARC = YES;
				CLANG_ENABLE_OBJC_WEAK = YES;
				CLANG_WARN_BLOCK_CAPTURE_AUTORELEASING = YES;
				CLANG_WARN_BOOL_CONVERSION = YES;
				CLANG_WARN_COMMA = YES;
				CLANG_WARN_CONSTANT_CONVERSION = YES;
				CLANG_WARN_DEPRECATED_OBJC_IMPLEMENTATIONS = YES;
				CLANG_WARN_DIRECT_OBJC_ISA_USAGE = YES_ERROR;
				CLANG_WARN_DOCUMENTATION_COMMENTS = YES;
				CLANG_WARN_EMPTY_BODY = YES;
				CLANG_WARN_ENUM_CONVERSION = YES;
				CLANG_WARN_INFINITE_RECURSION = YES;
				CLANG_WARN_INT_CONVERSION = YES;
				CLANG_WARN_NON_LITERAL_NULL_CONVERSION = YES;
				CLANG_WARN_OBJC_IMPLICIT_RETAIN_SELF = YES;
				CLANG_WARN_OBJC_LITERAL_CONVERSION = YES;
				CLANG_WARN_OBJC_ROOT_CLASS = YES_ERROR;
				CLANG_WARN_QUOTED_INCLUDE_IN_FRAMEWORK_HEADER = YES;
				CLANG_WARN_RANGE_LOOP_ANALYSIS = YES;
				CLANG_WARN_STRICT_PROTOTYPES = YES;
				CLANG_WARN_SUSPICIOUS_MOVE = YES;
				CLANG_WARN_UNGUARDED_AVAILABILITY = YES_AGGRESSIVE;
				CLANG_WARN_UNREACHABLE_CODE = YES;
				CLANG_WARN__DUPLICATE_METHOD_MATCH = YES;
				COPY_PHASE_STRIP = NO;
				DEBUG_INFORMATION_FORMAT = dwarf;
				ENABLE_STRICT_OBJC_MSGSEND = YES;
				ENABLE_TESTABILITY = YES;
				ENABLE_USER_SCRIPT_SANDBOXING = YES;
				GCC_C_LANGUAGE_STANDARD = gnu17;
				GCC_DYNAMIC_NO_PIC = NO;
				GCC_NO_COMMON_BLOCKS = YES;
				GCC_OPTIMIZATION_LEVEL = 0;
				GCC_PREPROCESSOR_DEFINITIONS = (
					"DEBUG=1",
					"$(inherited)",
				);
				GCC_WARN_64_TO_32_BIT_CONVERSION = YES;
				GCC_WARN_ABOUT_RETURN_TYPE = YES_ERROR;
				GCC_WARN_UNDECLARED_SELECTOR = YES;
				GCC_WARN_UNINITIALIZED_AUTOS = YES_AGGRESSIVE;
				GCC_WARN_UNUSED_FUNCTION = YES;
				GCC_WARN_UNUSED_VARIABLE = YES;
				LOCALIZATION_PREFERS_STRING_CATALOGS = YES;
				MTL_ENABLE_DEBUG_INFO = INCLUDE_SOURCE;
				MTL_FAST_MATH = YES;
				ONLY_ACTIVE_ARCH = YES;
				SWIFT_ACTIVE_COMPILATION_CONDITIONS = "DEBUG $(inherited)";
				SWIFT_OPTIMIZATION_LEVEL = "-Onone";
			};
			name = Debug;
		};
		9D70A7D12DDD84590085BAAF /* Release */ = {
			isa = XCBuildConfiguration;
			buildSettings = {
				ALWAYS_SEARCH_USER_PATHS = NO;
				ASSETCATALOG_COMPILER_GENERATE_SWIFT_ASSET_SYMBOL_EXTENSIONS = YES;
				CLANG_ANALYZER_NONNULL = YES;
				CLANG_ANALYZER_NUMBER_OBJECT_CONVERSION = YES_AGGRESSIVE;
				CLANG_CXX_LANGUAGE_STANDARD = "gnu++20";
				CLANG_ENABLE_MODULES = YES;
				CLANG_ENABLE_OBJC_ARC = YES;
				CLANG_ENABLE_OBJC_WEAK = YES;
				CLANG_WARN_BLOCK_CAPTURE_AUTORELEASING = YES;
				CLANG_WARN_BOOL_CONVERSION = YES;
				CLANG_WARN_COMMA = YES;
				CLANG_WARN_CONSTANT_CONVERSION = YES;
				CLANG_WARN_DEPRECATED_OBJC_IMPLEMENTATIONS = YES;
				CLANG_WARN_DIRECT_OBJC_ISA_USAGE = YES_ERROR;
				CLANG_WARN_DOCUMENTATION_COMMENTS = YES;
				CLANG_WARN_EMPTY_BODY = YES;
				CLANG_WARN_ENUM_CONVERSION = YES;
				CLANG_WARN_INFINITE_RECURSION = YES;
				CLANG_WARN_INT_CONVERSION = YES;
				CLANG_WARN_NON_LITERAL_NULL_CONVERSION = YES;
				CLANG_WARN_OBJC_IMPLICIT_RETAIN_SELF = YES;
				CLANG_WARN_OBJC_LITERAL_CONVERSION = YES;
				CLANG_WARN_OBJC_ROOT_CLASS = YES_ERROR;
				CLANG_WARN_QUOTED_INCLUDE_IN_FRAMEWORK_HEADER = YES;
				CLANG_WARN_RANGE_LOOP_ANALYSIS = YES;
				CLANG_WARN_STRICT_PROTOTYPES = YES;
				CLANG_WARN_SUSPICIOUS_MOVE = YES;
				CLANG_WARN_UNGUARDED_AVAILABILITY = YES_AGGRESSIVE;
				CLANG_WARN_UNREACHABLE_CODE = YES;
				CLANG_WARN__DUPLICATE_METHOD_MATCH = YES;
				COPY_PHASE_STRIP = NO;
				DEBUG_INFORMATION_FORMAT = "dwarf-with-dsym";
				ENABLE_NS_ASSERTIONS = NO;
				ENABLE_STRICT_OBJC_MSGSEND = YES;
				ENABLE_USER_SCRIPT_SANDBOXING = YES;
				GCC_C_LANGUAGE_STANDARD = gnu17;
				GCC_NO_COMMON_BLOCKS = YES;
				GCC_WARN_64_TO_32_BIT_CONVERSION = YES;
				GCC_WARN_ABOUT_RETURN_TYPE = YES_ERROR;
				GCC_WARN_UNDECLARED_SELECTOR = YES;
				GCC_WARN_UNINITIALIZED_AUTOS = YES_AGGRESSIVE;
				GCC_WARN_UNUSED_FUNCTION = YES;
				GCC_WARN_UNUSED_VARIABLE = YES;
				LOCALIZATION_PREFERS_STRING_CATALOGS = YES;
				MTL_ENABLE_DEBUG_INFO = NO;
				MTL_FAST_MATH = YES;
				SWIFT_COMPILATION_MODE = wholemodule;
			};
			name = Release;
		};
		9D70A7D32DDD84590085BAAF /* Debug */ = {
			isa = XCBuildConfiguration;
			buildSettings = {
				ASSETCATALOG_COMPILER_APPICON_NAME = AppIcon;
				ASSETCATALOG_COMPILER_GLOBAL_ACCENT_COLOR_NAME = AccentColor;
				ASSETCATALOG_COMPILER_INCLUDE_ALL_APPICON_ASSETS = NO;
				CODE_SIGN_ENTITLEMENTS = "Stronix-App/Sources/App/Stronix_App_V1.entitlements";
				CODE_SIGN_STYLE = Automatic;
				CURRENT_PROJECT_VERSION = 1;
				DEVELOPMENT_TEAM = M3985G54RA;
				ENABLE_PREVIEWS = YES;
				GENERATE_INFOPLIST_FILE = YES;
				INFOPLIST_FILE = "Stronix-App-V1-Info.plist";
				"INFOPLIST_KEY_UIApplicationSceneManifest_Generation[sdk=iphoneos*]" = YES;
				"INFOPLIST_KEY_UIApplicationSceneManifest_Generation[sdk=iphonesimulator*]" = YES;
				"INFOPLIST_KEY_UIApplicationSupportsIndirectInputEvents[sdk=iphoneos*]" = YES;
				"INFOPLIST_KEY_UIApplicationSupportsIndirectInputEvents[sdk=iphonesimulator*]" = YES;
				"INFOPLIST_KEY_UILaunchScreen_Generation[sdk=iphoneos*]" = YES;
				"INFOPLIST_KEY_UILaunchScreen_Generation[sdk=iphonesimulator*]" = YES;
				"INFOPLIST_KEY_UIStatusBarStyle[sdk=iphoneos*]" = UIStatusBarStyleDefault;
				"INFOPLIST_KEY_UIStatusBarStyle[sdk=iphonesimulator*]" = UIStatusBarStyleDefault;
				INFOPLIST_KEY_UISupportedInterfaceOrientations_iPhone = UIInterfaceOrientationPortrait;
				IPHONEOS_DEPLOYMENT_TARGET = 18.4;
				LD_RUNPATH_SEARCH_PATHS = "@executable_path/Frameworks";
				MARKETING_VERSION = 1.0;
				PRODUCT_BUNDLE_IDENTIFIER = "JonesW.Stronix-App-V1";
				PRODUCT_NAME = "$(TARGET_NAME)";
				REGISTER_APP_GROUPS = YES;
				SDKROOT = iphoneos;
				SUPPORTED_PLATFORMS = "iphoneos iphonesimulator";
				SWIFT_EMIT_LOC_STRINGS = YES;
				SWIFT_VERSION = 5.0;
				TARGETED_DEVICE_FAMILY = 1;
			};
			name = Debug;
		};
		9D70A7D42DDD84590085BAAF /* Release */ = {
			isa = XCBuildConfiguration;
			buildSettings = {
				ASSETCATALOG_COMPILER_APPICON_NAME = AppIcon;
				ASSETCATALOG_COMPILER_GLOBAL_ACCENT_COLOR_NAME = AccentColor;
				ASSETCATALOG_COMPILER_INCLUDE_ALL_APPICON_ASSETS = NO;
				CODE_SIGN_ENTITLEMENTS = "Stronix-App/Sources/App/Stronix_App_V1.entitlements";
				CODE_SIGN_STYLE = Automatic;
				CURRENT_PROJECT_VERSION = 1;
				DEVELOPMENT_TEAM = M3985G54RA;
				ENABLE_PREVIEWS = YES;
				GENERATE_INFOPLIST_FILE = YES;
				INFOPLIST_FILE = "Stronix-App-V1-Info.plist";
				"INFOPLIST_KEY_UIApplicationSceneManifest_Generation[sdk=iphoneos*]" = YES;
				"INFOPLIST_KEY_UIApplicationSceneManifest_Generation[sdk=iphonesimulator*]" = YES;
				"INFOPLIST_KEY_UIApplicationSupportsIndirectInputEvents[sdk=iphoneos*]" = YES;
				"INFOPLIST_KEY_UIApplicationSupportsIndirectInputEvents[sdk=iphonesimulator*]" = YES;
				"INFOPLIST_KEY_UILaunchScreen_Generation[sdk=iphoneos*]" = YES;
				"INFOPLIST_KEY_UILaunchScreen_Generation[sdk=iphonesimulator*]" = YES;
				"INFOPLIST_KEY_UIStatusBarStyle[sdk=iphoneos*]" = UIStatusBarStyleDefault;
				"INFOPLIST_KEY_UIStatusBarStyle[sdk=iphonesimulator*]" = UIStatusBarStyleDefault;
				INFOPLIST_KEY_UISupportedInterfaceOrientations_iPhone = UIInterfaceOrientationPortrait;
				IPHONEOS_DEPLOYMENT_TARGET = 18.4;
				LD_RUNPATH_SEARCH_PATHS = "@executable_path/Frameworks";
				MARKETING_VERSION = 1.0;
				PRODUCT_BUNDLE_IDENTIFIER = "JonesW.Stronix-App-V1";
				PRODUCT_NAME = "$(TARGET_NAME)";
				REGISTER_APP_GROUPS = YES;
				SDKROOT = iphoneos;
				SUPPORTED_PLATFORMS = "iphoneos iphonesimulator";
				SWIFT_EMIT_LOC_STRINGS = YES;
				SWIFT_VERSION = 5.0;
				TARGETED_DEVICE_FAMILY = 1;
			};
			name = Release;
		};
		A1000000000000000000000A /* Debug */ = {
			isa = XCBuildConfiguration;
			buildSettings = {
				BUNDLE_LOADER = "$(TEST_HOST)";
				CODE_SIGN_STYLE = Automatic;
				DEVELOPMENT_TEAM = M3985G54RA;
				GENERATE_INFOPLIST_FILE = YES;
				IPHONEOS_DEPLOYMENT_TARGET = 18.4;
				LD_RUNPATH_SEARCH_PATHS = (
					"$(inherited)",
					"@executable_path/Frameworks",
					"@loader_path/Frameworks",
				);
				PRODUCT_BUNDLE_IDENTIFIER = "JonesW.Stronix-App-V1Tests";
				PRODUCT_NAME = "$(TARGET_NAME)";
				SDKROOT = iphoneos;
				SUPPORTED_PLATFORMS = "iphoneos iphonesimulator";
				SWIFT_VERSION = 5.0;
				TARGETED_DEVICE_FAMILY = 1;
				TEST_HOST = "$(BUILT_PRODUCTS_DIR)/Stronix.app/$(BUNDLE_EXECUTABLE_FOLDER_PATH)/Stronix";
			};
			name = Debug;
		};
		A1000000000000000000000B /* Release */ = {
			isa = XCBuildConfiguration;
			buildSettings = {
				BUNDLE_LOADER = "$(TEST_HOST)";
				CODE_SIGN_STYLE = Automatic;
				DEVELOPMENT_TEAM = M3985G54RA;
				GENERATE_INFOPLIST_FILE = YES;
				IPHONEOS_DEPLOYMENT_TARGET = 18.4;
				LD_RUNPATH_SEARCH_PATHS = (
					"$(inherited)",
					"@executable_path/Frameworks",
					"@loader_path/Frameworks",
				);
				PRODUCT_BUNDLE_IDENTIFIER = "JonesW.Stronix-App-V1Tests";
				PRODUCT_NAME = "$(TARGET_NAME)";
				SDKROOT = iphoneos;
				SUPPORTED_PLATFORMS = "iphoneos iphonesimulator";
				SWIFT_VERSION = 5.0;
				TARGETED_DEVICE_FAMILY = 1;
				TEST_HOST = "$(BUILT_PRODUCTS_DIR)/Stronix.app/$(BUNDLE_EXECUTABLE_FOLDER_PATH)/Stronix";
			};
			name = Release;
		};
/* End XCBuildConfiguration section */

/* Begin XCConfigurationList section */
		9D70A7C12DDD84580085BAAF /* Build configuration list for PBXProject "Stronix-App-V1" */ = {
			isa = XCConfigurationList;
			buildConfigurations = (
				9D70A7D02DDD84590085BAAF /* Debug */,
				9D70A7D12DDD84590085BAAF /* Release */,
			);
			defaultConfigurationIsVisible = 0;
			defaultConfigurationName = Release;
		};
		9D70A7D22DDD84590085BAAF /* Build configuration list for PBXNativeTarget "Stronix" */ = {
			isa = XCConfigurationList;
			buildConfigurations = (
				9D70A7D32DDD84590085BAAF /* Debug */,
				9D70A7D42DDD84590085BAAF /* Release */,
			);
			defaultConfigurationIsVisible = 0;
			defaultConfigurationName = Release;
		};
		A10000000000000000000009 /* Build configuration list for PBXNativeTarget "StronixTests" */ = {
			isa = XCConfigurationList;
			buildConfigurations = (
				A1000000000000000000000A /* Debug */,
				A1000000000000000000000B /* Release */,
			);
			defaultConfigurationIsVisible = 0;
			defaultConfigurationName = Release;
		};
/* End XCConfigurationList section */

/* Begin XCRemoteSwiftPackageReference section */
		9D42BE9B2E029EC9008121CD /* XCRemoteSwiftPackageReference "SQLite" */ = {
			isa = XCRemoteSwiftPackageReference;
			repositoryURL = "https://github.com/stephencelis/SQLite.swift";
			requirement = {
				branch = master;
				kind = branch;
			};
		};
/* End XCRemoteSwiftPackageReference section */

/* Begin XCSwiftPackageProductDependency section */
		9D42BE9C2E029EC9008121CD /* SQLite */ = {
			isa = XCSwiftPackageProductDependency;
			package = 9D42BE9B2E029EC9008121CD /* XCRemoteSwiftPackageReference "SQLite" */;
			productName = SQLite;
		};
/* End XCSwiftPackageProductDependency section */
	};
	rootObject = 9D70A7BE2DDD84580085BAAF /* Project object */;
}
